
Microsoft Visual Studio Solution File, Format Version 12.00
# Visual Studio Version 17
VisualStudioVersion = 17.8.34511.84
MinimumVisualStudioVersion = 10.0.40219.1
Project("{9A19103F-16F7-4668-BE54-9A1E7A4F7556}") = "SpaceDb", "SpaceDb\SpaceDb.csproj", "{33D0EC01-D12B-42B3-8E7B-E1028674F1E8}"
EndProject
Project("{2150E333-8FDC-42A3-9474-1A3956D46DE8}") = "Libs", "Libs", "{D706DD7D-F543-40E5-A8F1-0B11DA27D26D}"
EndProject
Project("{9A19103F-16F7-4668-BE54-9A1E7A4F7556}") = "Api.AspNetCore", "Libs\Api.AspNetCore\Api.AspNetCore.csproj", "{A826633E-0AB5-468E-BEA5-29AF55CCAD2B}"
EndProject
Project("{9A19103F-16F7-4668-BE54-9A1E7A4F7556}") = "Data.Mapping", "Libs\Data.Mapping\Data.Mapping.csproj", "{0299890D-7025-4C12-866D-EEA889CF55A5}"
EndProject
Project("{9A19103F-16F7-4668-BE54-9A1E7A4F7556}") = "Data.Repository", "Libs\Data.Repository\Data.Repository.csproj", "{542F861F-D602-4DA3-AB79-4426113337DA}"
EndProject
Project("{9A19103F-16F7-4668-BE54-9A1E7A4F7556}") = "Core.Workflow", "Libs\Core.Workflow\Core.Workflow.csproj", "{5538395B-5BA8-410C-B74B-0ADFE98B0CBA}"
EndProject
Project("{FAE04EC0-301F-11D3-BF4B-00C04F79EFBC}") = "AI", "Libs\AI\AI.csproj", "{DB01AA59-236B-3B27-B7D9-AF4D8E3BCFE0}"
EndProject
Project("{FAE04EC0-301F-11D3-BF4B-00C04F79EFBC}") = "AI.Client", "Libs\AI.Client\AI.Client.csproj", "{7BB0F59F-8962-D64C-6694-CB18D3F9B1F7}"
EndProject
Project("{FAE04EC0-301F-11D3-BF4B-00C04F79EFBC}") = "SpaceDb.Tests", "SpaceDb.Tests\SpaceDb.Tests.csproj", "{EBC76E55-B275-4BA9-9D1D-604D6076011E}"
EndProject
Global
	GlobalSection(SolutionConfigurationPlatforms) = preSolution
		Debug|Any CPU = Debug|Any CPU
		Debug|x64 = Debug|x64
		Debug|x86 = Debug|x86
		Release|Any CPU = Release|Any CPU
		Release|x64 = Release|x64
		Release|x86 = Release|x86
	EndGlobalSection
	GlobalSection(ProjectConfigurationPlatforms) = postSolution
		{33D0EC01-D12B-42B3-8E7B-E1028674F1E8}.Debug|Any CPU.ActiveCfg = Debug|Any CPU
		{33D0EC01-D12B-42B3-8E7B-E1028674F1E8}.Debug|Any CPU.Build.0 = Debug|Any CPU
		{33D0EC01-D12B-42B3-8E7B-E1028674F1E8}.Debug|x64.ActiveCfg = Debug|Any CPU
		{33D0EC01-D12B-42B3-8E7B-E1028674F1E8}.Debug|x64.Build.0 = Debug|Any CPU
		{33D0EC01-D12B-42B3-8E7B-E1028674F1E8}.Debug|x86.ActiveCfg = Debug|Any CPU
		{33D0EC01-D12B-42B3-8E7B-E1028674F1E8}.Debug|x86.Build.0 = Debug|Any CPU
		{33D0EC01-D12B-42B3-8E7B-E1028674F1E8}.Release|Any CPU.ActiveCfg = Release|Any CPU
		{33D0EC01-D12B-42B3-8E7B-E1028674F1E8}.Release|Any CPU.Build.0 = Release|Any CPU
		{33D0EC01-D12B-42B3-8E7B-E1028674F1E8}.Release|x64.ActiveCfg = Release|Any CPU
		{33D0EC01-D12B-42B3-8E7B-E1028674F1E8}.Release|x64.Build.0 = Release|Any CPU
		{33D0EC01-D12B-42B3-8E7B-E1028674F1E8}.Release|x86.ActiveCfg = Release|Any CPU
		{33D0EC01-D12B-42B3-8E7B-E1028674F1E8}.Release|x86.Build.0 = Release|Any CPU
		{A826633E-0AB5-468E-BEA5-29AF55CCAD2B}.Debug|Any CPU.ActiveCfg = Debug|Any CPU
		{A826633E-0AB5-468E-BEA5-29AF55CCAD2B}.Debug|Any CPU.Build.0 = Debug|Any CPU
		{A826633E-0AB5-468E-BEA5-29AF55CCAD2B}.Debug|x64.ActiveCfg = Debug|Any CPU
		{A826633E-0AB5-468E-BEA5-29AF55CCAD2B}.Debug|x64.Build.0 = Debug|Any CPU
		{A826633E-0AB5-468E-BEA5-29AF55CCAD2B}.Debug|x86.ActiveCfg = Debug|Any CPU
		{A826633E-0AB5-468E-BEA5-29AF55CCAD2B}.Debug|x86.Build.0 = Debug|Any CPU
		{A826633E-0AB5-468E-BEA5-29AF55CCAD2B}.Release|Any CPU.ActiveCfg = Release|Any CPU
		{A826633E-0AB5-468E-BEA5-29AF55CCAD2B}.Release|Any CPU.Build.0 = Release|Any CPU
		{A826633E-0AB5-468E-BEA5-29AF55CCAD2B}.Release|x64.ActiveCfg = Release|Any CPU
		{A826633E-0AB5-468E-BEA5-29AF55CCAD2B}.Release|x64.Build.0 = Release|Any CPU
		{A826633E-0AB5-468E-BEA5-29AF55CCAD2B}.Release|x86.ActiveCfg = Release|Any CPU
		{A826633E-0AB5-468E-BEA5-29AF55CCAD2B}.Release|x86.Build.0 = Release|Any CPU
		{0299890D-7025-4C12-866D-EEA889CF55A5}.Debug|Any CPU.ActiveCfg = Debug|Any CPU
		{0299890D-7025-4C12-866D-EEA889CF55A5}.Debug|Any CPU.Build.0 = Debug|Any CPU
		{0299890D-7025-4C12-866D-EEA889CF55A5}.Debug|x64.ActiveCfg = Debug|Any CPU
		{0299890D-7025-4C12-866D-EEA889CF55A5}.Debug|x64.Build.0 = Debug|Any CPU
		{0299890D-7025-4C12-866D-EEA889CF55A5}.Debug|x86.ActiveCfg = Debug|Any CPU
		{0299890D-7025-4C12-866D-EEA889CF55A5}.Debug|x86.Build.0 = Debug|Any CPU
		{0299890D-7025-4C12-866D-EEA889CF55A5}.Release|Any CPU.ActiveCfg = Release|Any CPU
		{0299890D-7025-4C12-866D-EEA889CF55A5}.Release|Any CPU.Build.0 = Release|Any CPU
		{0299890D-7025-4C12-866D-EEA889CF55A5}.Release|x64.ActiveCfg = Release|Any CPU
		{0299890D-7025-4C12-866D-EEA889CF55A5}.Release|x64.Build.0 = Release|Any CPU
		{0299890D-7025-4C12-866D-EEA889CF55A5}.Release|x86.ActiveCfg = Release|Any CPU
		{0299890D-7025-4C12-866D-EEA889CF55A5}.Release|x86.Build.0 = Release|Any CPU
		{542F861F-D602-4DA3-AB79-4426113337DA}.Debug|Any CPU.ActiveCfg = Debug|Any CPU
		{542F861F-D602-4DA3-AB79-4426113337DA}.Debug|Any CPU.Build.0 = Debug|Any CPU
		{542F861F-D602-4DA3-AB79-4426113337DA}.Debug|x64.ActiveCfg = Debug|Any CPU
		{542F861F-D602-4DA3-AB79-4426113337DA}.Debug|x64.Build.0 = Debug|Any CPU
		{542F861F-D602-4DA3-AB79-4426113337DA}.Debug|x86.ActiveCfg = Debug|Any CPU
		{542F861F-D602-4DA3-AB79-4426113337DA}.Debug|x86.Build.0 = Debug|Any CPU
		{542F861F-D602-4DA3-AB79-4426113337DA}.Release|Any CPU.ActiveCfg = Release|Any CPU
		{542F861F-D602-4DA3-AB79-4426113337DA}.Release|Any CPU.Build.0 = Release|Any CPU
		{542F861F-D602-4DA3-AB79-4426113337DA}.Release|x64.ActiveCfg = Release|Any CPU
		{542F861F-D602-4DA3-AB79-4426113337DA}.Release|x64.Build.0 = Release|Any CPU
		{542F861F-D602-4DA3-AB79-4426113337DA}.Release|x86.ActiveCfg = Release|Any CPU
		{542F861F-D602-4DA3-AB79-4426113337DA}.Release|x86.Build.0 = Release|Any CPU
		{5538395B-5BA8-410C-B74B-0ADFE98B0CBA}.Debug|Any CPU.ActiveCfg = Debug|Any CPU
		{5538395B-5BA8-410C-B74B-0ADFE98B0CBA}.Debug|Any CPU.Build.0 = Debug|Any CPU
		{5538395B-5BA8-410C-B74B-0ADFE98B0CBA}.Debug|x64.ActiveCfg = Debug|Any CPU
		{5538395B-5BA8-410C-B74B-0ADFE98B0CBA}.Debug|x64.Build.0 = Debug|Any CPU
		{5538395B-5BA8-410C-B74B-0ADFE98B0CBA}.Debug|x86.ActiveCfg = Debug|Any CPU
		{5538395B-5BA8-410C-B74B-0ADFE98B0CBA}.Debug|x86.Build.0 = Debug|Any CPU
		{5538395B-5BA8-410C-B74B-0ADFE98B0CBA}.Release|Any CPU.ActiveCfg = Release|Any CPU
		{5538395B-5BA8-410C-B74B-0ADFE98B0CBA}.Release|Any CPU.Build.0 = Release|Any CPU
		{5538395B-5BA8-410C-B74B-0ADFE98B0CBA}.Release|x64.ActiveCfg = Release|Any CPU
		{5538395B-5BA8-410C-B74B-0ADFE98B0CBA}.Release|x64.Build.0 = Release|Any CPU
		{5538395B-5BA8-410C-B74B-0ADFE98B0CBA}.Release|x86.ActiveCfg = Release|Any CPU
		{5538395B-5BA8-410C-B74B-0ADFE98B0CBA}.Release|x86.Build.0 = Release|Any CPU
		{DB01AA59-236B-3B27-B7D9-AF4D8E3BCFE0}.Debug|Any CPU.ActiveCfg = Debug|Any CPU
		{DB01AA59-236B-3B27-B7D9-AF4D8E3BCFE0}.Debug|Any CPU.Build.0 = Debug|Any CPU
		{DB01AA59-236B-3B27-B7D9-AF4D8E3BCFE0}.Debug|x64.ActiveCfg = Debug|Any CPU
		{DB01AA59-236B-3B27-B7D9-AF4D8E3BCFE0}.Debug|x64.Build.0 = Debug|Any CPU
		{DB01AA59-236B-3B27-B7D9-AF4D8E3BCFE0}.Debug|x86.ActiveCfg = Debug|Any CPU
		{DB01AA59-236B-3B27-B7D9-AF4D8E3BCFE0}.Debug|x86.Build.0 = Debug|Any CPU
		{DB01AA59-236B-3B27-B7D9-AF4D8E3BCFE0}.Release|Any CPU.ActiveCfg = Release|Any CPU
		{DB01AA59-236B-3B27-B7D9-AF4D8E3BCFE0}.Release|Any CPU.Build.0 = Release|Any CPU
		{DB01AA59-236B-3B27-B7D9-AF4D8E3BCFE0}.Release|x64.ActiveCfg = Release|Any CPU
		{DB01AA59-236B-3B27-B7D9-AF4D8E3BCFE0}.Release|x64.Build.0 = Release|Any CPU
		{DB01AA59-236B-3B27-B7D9-AF4D8E3BCFE0}.Release|x86.ActiveCfg = Release|Any CPU
		{DB01AA59-236B-3B27-B7D9-AF4D8E3BCFE0}.Release|x86.Build.0 = Release|Any CPU
		{7BB0F59F-8962-D64C-6694-CB18D3F9B1F7}.Debug|Any CPU.ActiveCfg = Debug|Any CPU
		{7BB0F59F-8962-D64C-6694-CB18D3F9B1F7}.Debug|Any CPU.Build.0 = Debug|Any CPU
		{7BB0F59F-8962-D64C-6694-CB18D3F9B1F7}.Debug|x64.ActiveCfg = Debug|Any CPU
		{7BB0F59F-8962-D64C-6694-CB18D3F9B1F7}.Debug|x64.Build.0 = Debug|Any CPU
		{7BB0F59F-8962-D64C-6694-CB18D3F9B1F7}.Debug|x86.ActiveCfg = Debug|Any CPU
		{7BB0F59F-8962-D64C-6694-CB18D3F9B1F7}.Debug|x86.Build.0 = Debug|Any CPU
		{7BB0F59F-8962-D64C-6694-CB18D3F9B1F7}.Release|Any CPU.ActiveCfg = Release|Any CPU
		{7BB0F59F-8962-D64C-6694-CB18D3F9B1F7}.Release|Any CPU.Build.0 = Release|Any CPU
		{7BB0F59F-8962-D64C-6694-CB18D3F9B1F7}.Release|x64.ActiveCfg = Release|Any CPU
		{7BB0F59F-8962-D64C-6694-CB18D3F9B1F7}.Release|x64.Build.0 = Release|Any CPU
		{7BB0F59F-8962-D64C-6694-CB18D3F9B1F7}.Release|x86.ActiveCfg = Release|Any CPU
		{7BB0F59F-8962-D64C-6694-CB18D3F9B1F7}.Release|x86.Build.0 = Release|Any CPU
		{EBC76E55-B275-4BA9-9D1D-604D6076011E}.Debug|Any CPU.ActiveCfg = Debug|Any CPU
		{EBC76E55-B275-4BA9-9D1D-604D6076011E}.Debug|Any CPU.Build.0 = Debug|Any CPU
		{EBC76E55-B275-4BA9-9D1D-604D6076011E}.Debug|x64.ActiveCfg = Debug|Any CPU
		{EBC76E55-B275-4BA9-9D1D-604D6076011E}.Debug|x64.Build.0 = Debug|Any CPU
		{EBC76E55-B275-4BA9-9D1D-604D6076011E}.Debug|x86.ActiveCfg = Debug|Any CPU
		{EBC76E55-B275-4BA9-9D1D-604D6076011E}.Debug|x86.Build.0 = Debug|Any CPU
		{EBC76E55-B275-4BA9-9D1D-604D6076011E}.Release|Any CPU.ActiveCfg = Release|Any CPU
		{EBC76E55-B275-4BA9-9D1D-604D6076011E}.Release|Any CPU.Build.0 = Release|Any CPU
		{EBC76E55-B275-4BA9-9D1D-604D6076011E}.Release|x64.ActiveCfg = Release|Any CPU
		{EBC76E55-B275-4BA9-9D1D-604D6076011E}.Release|x64.Build.0 = Release|Any CPU
		{EBC76E55-B275-4BA9-9D1D-604D6076011E}.Release|x86.ActiveCfg = Release|Any CPU
		{EBC76E55-B275-4BA9-9D1D-604D6076011E}.Release|x86.Build.0 = Release|Any CPU
	EndGlobalSection
	GlobalSection(SolutionProperties) = preSolution
		HideSolutionNode = FALSE
	EndGlobalSection
	GlobalSection(NestedProjects) = preSolution
		{A826633E-0AB5-468E-BEA5-29AF55CCAD2B} = {D706DD7D-F543-40E5-A8F1-0B11DA27D26D}
		{0299890D-7025-4C12-866D-EEA889CF55A5} = {D706DD7D-F543-40E5-A8F1-0B11DA27D26D}
		{542F861F-D602-4DA3-AB79-4426113337DA} = {D706DD7D-F543-40E5-A8F1-0B11DA27D26D}
		{5538395B-5BA8-410C-B74B-0ADFE98B0CBA} = {D706DD7D-F543-40E5-A8F1-0B11DA27D26D}
		{DB01AA59-236B-3B27-B7D9-AF4D8E3BCFE0} = {D706DD7D-F543-40E5-A8F1-0B11DA27D26D}
		{7BB0F59F-8962-D64C-6694-CB18D3F9B1F7} = {D706DD7D-F543-40E5-A8F1-0B11DA27D26D}
	EndGlobalSection
	GlobalSection(ExtensibilityGlobals) = postSolution
		SolutionGuid = {0989C933-027C-481E-A961-1167A99C0239}
	EndGlobalSection
EndGlobal
